
Microsoft Visual Studio Solution File, Format Version 12.00
# Visual Studio Version 16
VisualStudioVersion = 16.0.29519.87
MinimumVisualStudioVersion = 10.0.40219.1
Project("{9A19103F-16F7-4668-BE54-9A1E7A4F7556}") = "TestConsole", "TestAzureSas\TestConsole.csproj", "{2CC078BE-0332-4349-9833-115B62DD4CA6}"
EndProject
Project("{9A19103F-16F7-4668-BE54-9A1E7A4F7556}") = "Azure.Blob.SASBasedAccess", "Azure.Blob.SASBasedAccess\Azure.Blob.SASBasedAccess.csproj", "{361147C8-1220-4793-A71F-B99E4CACC74F}"
EndProject
Project("{9A19103F-16F7-4668-BE54-9A1E7A4F7556}") = "Azure.Blob.SasTests", "Azure.Blob.SasTests\Azure.Blob.SasTests.csproj", "{31E7682F-8B3C-4D39-9314-F55C35994AEE}"
EndProject
Global
	GlobalSection(SolutionConfigurationPlatforms) = preSolution
		Debug|Any CPU = Debug|Any CPU
		Release|Any CPU = Release|Any CPU
	EndGlobalSection
	GlobalSection(ProjectConfigurationPlatforms) = postSolution
		{2CC078BE-0332-4349-9833-115B62DD4CA6}.Debug|Any CPU.ActiveCfg = Debug|Any CPU
		{2CC078BE-0332-4349-9833-115B62DD4CA6}.Debug|Any CPU.Build.0 = Debug|Any CPU
		{2CC078BE-0332-4349-9833-115B62DD4CA6}.Release|Any CPU.ActiveCfg = Release|Any CPU
		{2CC078BE-0332-4349-9833-115B62DD4CA6}.Release|Any CPU.Build.0 = Release|Any CPU
		{361147C8-1220-4793-A71F-B99E4CACC74F}.Debug|Any CPU.ActiveCfg = Debug|Any CPU
		{361147C8-1220-4793-A71F-B99E4CACC74F}.Debug|Any CPU.Build.0 = Debug|Any CPU
		{361147C8-1220-4793-A71F-B99E4CACC74F}.Release|Any CPU.ActiveCfg = Release|Any CPU
		{361147C8-1220-4793-A71F-B99E4CACC74F}.Release|Any CPU.Build.0 = Release|Any CPU
		{31E7682F-8B3C-4D39-9314-F55C35994AEE}.Debug|Any CPU.ActiveCfg = Debug|Any CPU
		{31E7682F-8B3C-4D39-9314-F55C35994AEE}.Debug|Any CPU.Build.0 = Debug|Any CPU
		{31E7682F-8B3C-4D39-9314-F55C35994AEE}.Release|Any CPU.ActiveCfg = Release|Any CPU
		{31E7682F-8B3C-4D39-9314-F55C35994AEE}.Release|Any CPU.Build.0 = Release|Any CPU
	EndGlobalSection
	GlobalSection(SolutionProperties) = preSolution
		HideSolutionNode = FALSE
	EndGlobalSection
	GlobalSection(ExtensibilityGlobals) = postSolution
		SolutionGuid = {53212425-E361-4948-B075-08CB6DA82135}
	EndGlobalSection
EndGlobal
